
Microsoft Visual Studio Solution File, Format Version 12.00
# Visual Studio Version 16
VisualStudioVersion = 16.0.30114.105
MinimumVisualStudioVersion = 10.0.40219.1
Project("{FAE04EC0-301F-11D3-BF4B-00C04F79EFBC}") = "Syslog", "SysLogConsole\Syslog.csproj", "{AB219B54-4FB7-4D8F-AF3E-C0E81EB26752}"
EndProject
Project("{9A19103F-16F7-4668-BE54-9A1E7A4F7556}") = "SysLogServer", "SysLogServer\SysLogServer.csproj", "{FFDA201C-2FD1-49B7-B50F-1F5F65EBB37A}"
EndProject
Global
	GlobalSection(SolutionConfigurationPlatforms) = preSolution
		Debug|Any CPU = Debug|Any CPU
		Debug|x64 = Debug|x64
		Release|Any CPU = Release|Any CPU
		Release|x64 = Release|x64
	EndGlobalSection
	GlobalSection(ProjectConfigurationPlatforms) = postSolution
		{AB219B54-4FB7-4D8F-AF3E-C0E81EB26752}.Debug|Any CPU.ActiveCfg = Debug|Any CPU
		{AB219B54-4FB7-4D8F-AF3E-C0E81EB26752}.Debug|Any CPU.Build.0 = Debug|Any CPU
		{AB219B54-4FB7-4D8F-AF3E-C0E81EB26752}.Debug|x64.ActiveCfg = Debug|Any CPU
		{AB219B54-4FB7-4D8F-AF3E-C0E81EB26752}.Debug|x64.Build.0 = Debug|Any CPU
		{AB219B54-4FB7-4D8F-AF3E-C0E81EB26752}.Release|Any CPU.ActiveCfg = Release|Any CPU
		{AB219B54-4FB7-4D8F-AF3E-C0E81EB26752}.Release|Any CPU.Build.0 = Release|Any CPU
		{AB219B54-4FB7-4D8F-AF3E-C0E81EB26752}.Release|x64.ActiveCfg = Release|Any CPU
		{AB219B54-4FB7-4D8F-AF3E-C0E81EB26752}.Release|x64.Build.0 = Release|Any CPU
		{FFDA201C-2FD1-49B7-B50F-1F5F65EBB37A}.Debug|Any CPU.ActiveCfg = Debug|Any CPU
		{FFDA201C-2FD1-49B7-B50F-1F5F65EBB37A}.Debug|Any CPU.Build.0 = Debug|Any CPU
		{FFDA201C-2FD1-49B7-B50F-1F5F65EBB37A}.Debug|x64.ActiveCfg = Debug|Any CPU
		{FFDA201C-2FD1-49B7-B50F-1F5F65EBB37A}.Debug|x64.Build.0 = Debug|Any CPU
		{FFDA201C-2FD1-49B7-B50F-1F5F65EBB37A}.Release|Any CPU.ActiveCfg = Release|Any CPU
		{FFDA201C-2FD1-49B7-B50F-1F5F65EBB37A}.Release|Any CPU.Build.0 = Release|Any CPU
		{FFDA201C-2FD1-49B7-B50F-1F5F65EBB37A}.Release|x64.ActiveCfg = Release|Any CPU
		{FFDA201C-2FD1-49B7-B50F-1F5F65EBB37A}.Release|x64.Build.0 = Release|Any CPU
	EndGlobalSection
	GlobalSection(SolutionProperties) = preSolution
		HideSolutionNode = FALSE
	EndGlobalSection
	GlobalSection(ExtensibilityGlobals) = postSolution
		SolutionGuid = {B263F5EB-10A0-4CEE-A8F9-DCB82E8633D7}
	EndGlobalSection
EndGlobal
